
Microsoft Visual Studio Solution File, Format Version 12.00
# Visual Studio 15
Project("{FAE04EC0-301F-11D3-BF4B-00C04F79EFBC}") = "Assembly-CSharp", "Assembly-CSharp.csproj", "{405F1787-E6F2-8E48-7A00-4152E6F894A5}"
EndProject
Project("{FAE04EC0-301F-11D3-BF4B-00C04F79EFBC}") = "Assembly-CSharp-Editor", "Assembly-CSharp-Editor.csproj", "{03F373C8-1551-8669-0414-DD95922C8E25}"
EndProject
Global
	GlobalSection(SolutionConfigurationPlatforms) = preSolution
		Debug|Any CPU = Debug|Any CPU
		Release|Any CPU = Release|Any CPU
	EndGlobalSection
	GlobalSection(ProjectConfigurationPlatforms) = postSolution
		{405F1787-E6F2-8E48-7A00-4152E6F894A5}.Debug|Any CPU.ActiveCfg = Debug|Any CPU
		{405F1787-E6F2-8E48-7A00-4152E6F894A5}.Debug|Any CPU.Build.0 = Debug|Any CPU
		{405F1787-E6F2-8E48-7A00-4152E6F894A5}.Release|Any CPU.ActiveCfg = Release|Any CPU
		{405F1787-E6F2-8E48-7A00-4152E6F894A5}.Release|Any CPU.Build.0 = Release|Any CPU
		{03F373C8-1551-8669-0414-DD95922C8E25}.Debug|Any CPU.ActiveCfg = Debug|Any CPU
		{03F373C8-1551-8669-0414-DD95922C8E25}.Debug|Any CPU.Build.0 = Debug|Any CPU
		{03F373C8-1551-8669-0414-DD95922C8E25}.Release|Any CPU.ActiveCfg = Release|Any CPU
		{03F373C8-1551-8669-0414-DD95922C8E25}.Release|Any CPU.Build.0 = Release|Any CPU
	EndGlobalSection
	GlobalSection(SolutionProperties) = preSolution
		HideSolutionNode = FALSE
	EndGlobalSection
EndGlobal
